
Microsoft Visual Studio Solution File, Format Version 12.00
# Visual Studio Version 17
VisualStudioVersion = 17.14.36908.2 d17.14
MinimumVisualStudioVersion = 10.0.40219.1
Project("{FAE04EC0-301F-11D3-BF4B-00C04F79EFBC}") = "BT_Buoi1", "BT_Buoi1.csproj", "{80D9682A-7FD7-4D76-B1C5-687CF66BFE8A}"
EndProject
Global
	GlobalSection(SolutionConfigurationPlatforms) = preSolution
		Debug|Any CPU = Debug|Any CPU
		Release|Any CPU = Release|Any CPU
	EndGlobalSection
	GlobalSection(ProjectConfigurationPlatforms) = postSolution
		{80D9682A-7FD7-4D76-B1C5-687CF66BFE8A}.Debug|Any CPU.ActiveCfg = Debug|Any CPU
		{80D9682A-7FD7-4D76-B1C5-687CF66BFE8A}.Debug|Any CPU.Build.0 = Debug|Any CPU
		{80D9682A-7FD7-4D76-B1C5-687CF66BFE8A}.Release|Any CPU.ActiveCfg = Release|Any CPU
		{80D9682A-7FD7-4D76-B1C5-687CF66BFE8A}.Release|Any CPU.Build.0 = Release|Any CPU
	EndGlobalSection
	GlobalSection(SolutionProperties) = preSolution
		HideSolutionNode = FALSE
	EndGlobalSection
	GlobalSection(ExtensibilityGlobals) = postSolution
		SolutionGuid = {5CB8C942-3477-4B65-BA08-00C1CBFEA60C}
	EndGlobalSection
EndGlobal
